# THIS IS AN AUTOGENERATED FILE. DO NOT EDIT THIS FILE DIRECTLY.
# yarn lockfile v1


desandro-matches-selector@^2.0.0:
  version "2.0.2"
  resolved "https://registry.npm.taobao.org/desandro-matches-selector/download/desandro-matches-selector-2.0.2.tgz#717beed4dc13e7d8f3762f707a6d58a6774218e1"
  integrity sha1-cXvu1NwT59jzdi9wem1YpndCGOE=

ev-emitter@^1.0.1, ev-emitter@^1.0.2:
  version "1.1.1"
  resolved "https://registry.npm.taobao.org/ev-emitter/download/ev-emitter-1.1.1.tgz#8f18b0ce5c76a5d18017f71c0a795c65b9138f2a"
  integrity sha1-jxiwzlx2pdGAF/ccCnlcZbkTjyo=

fizzy-ui-utils@^2.0.0:
  version "2.0.7"
  resolved "https://registry.npm.taobao.org/fizzy-ui-utils/download/fizzy-ui-utils-2.0.7.tgz#7df45dcc4eb374a08b65d39bb9a4beedf7330505"
  integrity sha1-ffRdzE6zdKCLZdObuaS+7fczBQU=
  dependencies:
    desandro-matches-selector "^2.0.0"

flickity@^2.2.0:
  version "2.2.0"
  resolved "https://registry.npm.taobao.org/flickity/download/flickity-2.2.0.tgz#9ac65006d9cc77d2035f7eff33d5d9a3d4a8092f"
  integrity sha1-msZQBtnMd9IDX37/M9XZo9SoCS8=
  dependencies:
    desandro-matches-selector "^2.0.0"
    ev-emitter "^1.0.2"
    fizzy-ui-utils "^2.0.0"
    get-size "^2.0.0"
    unidragger "^2.3.0"
    unipointer "^2.3.0"

get-size@^2.0.0:
  version "2.0.3"
  resolved "https://registry.npm.taobao.org/get-size/download/get-size-2.0.3.tgz#54a1d0256b20ea7ac646516756202769941ad2ef"
  integrity sha1-VKHQJWsg6nrGRlFnViAnaZQa0u8=

unidragger@^2.3.0:
  version "2.3.0"
  resolved "https://registry.npm.taobao.org/unidragger/download/unidragger-2.3.0.tgz#ab9d9fd62106f3252d88fae5f3a99575e6d31d02"
  integrity sha1-q52f1iEG8yUtiPrl86mVdebTHQI=
  dependencies:
    unipointer "^2.3.0"

unipointer@^2.3.0:
  version "2.3.0"
  resolved "https://registry.npm.taobao.org/unipointer/download/unipointer-2.3.0.tgz#ba0dc462ce31c2a88e80810e19c3bae0ce47ed9f"
  integrity sha1-ug3EYs4xwqiOgIEOGcO64M5H7Z8=
  dependencies:
    ev-emitter "^1.0.1"
