# THIS IS AN AUTOGENERATED FILE. DO NOT EDIT THIS FILE DIRECTLY.
# yarn lockfile v1


desandro-matches-selector@^2.0.0:
  version "2.0.2"
  resolved "https://registry.npmmirror.com/desandro-matches-selector/-/desandro-matches-selector-2.0.2.tgz#717beed4dc13e7d8f3762f707a6d58a6774218e1"
  integrity sha512-+1q0nXhdzg1IpIJdMKalUwvvskeKnYyEe3shPRwedNcWtnhEKT3ZxvFjzywHDeGcKViIxTCAoOYQWP1qD7VNyg==

ev-emitter@^1.0.1, ev-emitter@^1.1.1:
  version "1.1.1"
  resolved "https://registry.npmmirror.com/ev-emitter/-/ev-emitter-1.1.1.tgz#8f18b0ce5c76a5d18017f71c0a795c65b9138f2a"
  integrity sha512-ipiDYhdQSCZ4hSbX4rMW+XzNKMD1prg/sTvoVmSLkuQ1MVlwjJQQA+sW8tMYR3BLUr9KjodFV4pvzunvRhd33Q==

fizzy-ui-utils@^2.0.7:
  version "2.0.7"
  resolved "https://registry.npmmirror.com/fizzy-ui-utils/-/fizzy-ui-utils-2.0.7.tgz#7df45dcc4eb374a08b65d39bb9a4beedf7330505"
  integrity sha512-CZXDVXQ1If3/r8s0T+v+qVeMshhfcuq0rqIFgJnrtd+Bu8GmDmqMjntjUePypVtjHXKJ6V4sw9zeyox34n9aCg==
  dependencies:
    desandro-matches-selector "^2.0.0"

flickity@^2.2.0:
  version "2.3.0"
  resolved "https://registry.npmmirror.com/flickity/-/flickity-2.3.0.tgz#6763eb4d9cfeee6eedd96d042a21fff4ad439944"
  integrity sha512-x4cJBVywsaCWmId3I6wvBYJtWk3gcr+gz8UJQ48P57W5G7ER5OUgc3GUK0rtTrbMy/HYB9wL6u+I7EC4qrLO8g==
  dependencies:
    desandro-matches-selector "^2.0.0"
    ev-emitter "^1.1.1"
    fizzy-ui-utils "^2.0.7"
    get-size "^2.0.3"
    unidragger "^2.4.0"
    unipointer "^2.4.0"

get-size@^2.0.3:
  version "2.0.3"
  resolved "https://registry.npmmirror.com/get-size/-/get-size-2.0.3.tgz#54a1d0256b20ea7ac646516756202769941ad2ef"
  integrity sha512-lXNzT/h/dTjTxRbm9BXb+SGxxzkm97h/PCIKtlN/CBCxxmkkIVV21udumMS93MuVTDX583gqc94v3RjuHmI+2Q==

turbolinks@^5.2.0:
  version "5.2.0"
  resolved "https://registry.npmmirror.com/turbolinks/-/turbolinks-5.2.0.tgz#e6877a55ea5c1cb3bb225f0a4ae303d6d32ff77c"
  integrity sha512-pMiez3tyBo6uRHFNNZoYMmrES/IaGgMhQQM+VFF36keryjb5ms0XkVpmKHkfW/4Vy96qiGW3K9bz0tF5sK9bBw==

unidragger@^2.4.0:
  version "2.4.0"
  resolved "https://registry.npmmirror.com/unidragger/-/unidragger-2.4.0.tgz#4cd7e564317af0ef42632d5984a82d4ae6314d8d"
  integrity sha512-MueZK2oXuGE6OAlGKIrSXK2zCq+8yb1QUZgqyTDCSJzvwYL0g2Llrad+TtoQTYxtFnNyxxSw0IMnKNIgEMia1w==
  dependencies:
    unipointer "^2.4.0"

unipointer@^2.4.0:
  version "2.4.0"
  resolved "https://registry.npmmirror.com/unipointer/-/unipointer-2.4.0.tgz#ac7316aff6170ff87a4b008e55e842fb4bf13181"
  integrity sha512-VjzDLPjGK7aYpQKH7bnDZS8X4axF5AFU/LQi+NQe1oyEHfaz6lWKhaQ7n4o7vJ1iJ4i2T0quCIfrQM139p05Sw==
  dependencies:
    ev-emitter "^1.0.1"
